<Solution>
  <Folder Name="/Task0/">
    <Project Path="Tyuiu.LeksikovKA.Sprint0.Task0.V0/Tyuiu.LeksikovKA.Sprint0.Task0.V0.csproj" />
  </Folder>
  <Folder Name="/Task1/">
    <Project Path="Tyuiu.LeksikovKA.Sprint0.Task1.V0/Tyuiu.LeksikovKA.Sprint0.Task1.V0.csproj" />
  </Folder>
  <Folder Name="/Task2/">
    <Project Path="Tyuiu.LeksikovKA.Sprint0.Task2.V0.Lib/Tyuiu.LeksikovKA.Sprint0.Task2.V0.Lib.csproj" Id="2fe4dadb-37b5-436e-a279-9b1bf856fb8a" />
    <Project Path="Tyuiu.LeksikovKA.Sprint0.Task2.V0.Test/Tyuiu.LeksikovKA.Sprint0.Task2.V0.Test.csproj" Id="272268e9-7ee2-49b5-8102-d5b209fe5afc" />
    <Project Path="Tyuiu.LeksikovKA.Sprint0.Task2.V0/Tyuiu.LeksikovKA.Sprint0.Task2.V0.csproj" Id="25a7fe3e-6ba5-4ebf-80b0-68110bd4f7e6" />
  </Folder>
  <Folder Name="/Task3/">
    <Project Path="Tyuiu.LeksikovKA.Sprint0.Task3.V0.Lib/Tyuiu.LeksikovKA.Sprint0.Task3.V0.Lib.csproj" Id="94162ebf-bbcf-47aa-9a20-b171d2a26c34" />
    <Project Path="Tyuiu.LeksikovKA.Sprint0.Task3.V0.Test/Tyuiu.LeksikovKA.Sprint0.Task3.V0.Test.csproj" Id="b918f4fb-c7dd-439d-b910-b787bf92aa83" />
    <Project Path="Tyuiu.LeksikovKA.Sprint0.Task3.V0/Tyuiu.LeksikovKA.Sprint0.Task3.V0.csproj" Id="ce589b09-b26d-4ffe-b145-9de8c1d72143" />
  </Folder>
</Solution>
